
Microsoft Visual Studio Solution File, Format Version 12.00
# Visual Studio Version 16
VisualStudioVersion = 25.0.1705.2
MinimumVisualStudioVersion = 10.0.40219.1
Project("{FAE04EC0-301F-11D3-BF4B-00C04F79EFBC}") = "LSMTree", "LSMTree\LSMTree.csproj", "{B05CEC86-40E8-4783-843C-8563BEE40E6D}"
EndProject
Global
	GlobalSection(SolutionConfigurationPlatforms) = preSolution
		Debug|Any CPU = Debug|Any CPU
		Release|Any CPU = Release|Any CPU
	EndGlobalSection
	GlobalSection(ProjectConfigurationPlatforms) = postSolution
		{B05CEC86-40E8-4783-843C-8563BEE40E6D}.Debug|Any CPU.ActiveCfg = Debug|Any CPU
		{B05CEC86-40E8-4783-843C-8563BEE40E6D}.Debug|Any CPU.Build.0 = Debug|Any CPU
		{B05CEC86-40E8-4783-843C-8563BEE40E6D}.Release|Any CPU.ActiveCfg = Release|Any CPU
		{B05CEC86-40E8-4783-843C-8563BEE40E6D}.Release|Any CPU.Build.0 = Release|Any CPU
	EndGlobalSection
	GlobalSection(SolutionProperties) = preSolution
		HideSolutionNode = FALSE
	EndGlobalSection
	GlobalSection(ExtensibilityGlobals) = postSolution
		SolutionGuid = {C4CD8840-A04B-4CC9-8B1E-8318AF1DF49F}
	EndGlobalSection
EndGlobal
